// !$*UTF8*$!
{
	archiveVersion = 1;
	classes = {
	};
	objectVersion = 56;
	objects = {

/* Begin PBXBuildFile section */
		A3135BC72C45699900E0D337 /* clippyApp.swift in Sources */ = {isa = PBXBuildFile; fileRef = A3135BC62C45699900E0D337 /* clippyApp.swift */; };
		A3135BC92C45699900E0D337 /* ContentView.swift in Sources */ = {isa = PBXBuildFile; fileRef = A3135BC82C45699900E0D337 /* ContentView.swift */; };
		A3135BCB2C45699C00E0D337 /* Assets.xcassets in Resources */ = {isa = PBXBuildFile; fileRef = A3135BCA2C45699C00E0D337 /* Assets.xcassets */; };
		A3135BCE2C45699C00E0D337 /* Preview Assets.xcassets in Resources */ = {isa = PBXBuildFile; fileRef = A3135BCD2C45699C00E0D337 /* Preview Assets.xcassets */; };
		A3135BD72C456AAB00E0D337 /* ClipboardMonitor.swift in Sources */ = {isa = PBXBuildFile; fileRef = A3135BD62C456AAB00E0D337 /* ClipboardMonitor.swift */; };
		A3EC1BF72C4678EB00E86BC2 /* SidebarView.swift in Sources */ = {isa = PBXBuildFile; fileRef = A3EC1BF62C4678EB00E86BC2 /* SidebarView.swift */; };
		A3EC1BFA2C467A9100E86BC2 /* Item.swift in Sources */ = {isa = PBXBuildFile; fileRef = A3EC1BF92C467A9100E86BC2 /* Item.swift */; };
		A3EC1BFC2C467AA600E86BC2 /* ItemGroup.swift in Sources */ = {isa = PBXBuildFile; fileRef = A3EC1BFB2C467AA600E86BC2 /* ItemGroup.swift */; };
		A3EC1BFE2C467DC000E86BC2 /* ItemSections.swift in Sources */ = {isa = PBXBuildFile; fileRef = A3EC1BFD2C467DC000E86BC2 /* ItemSections.swift */; };
		A3EC1C002C46812D00E86BC2 /* MainView.swift in Sources */ = {isa = PBXBuildFile; fileRef = A3EC1BFF2C46812D00E86BC2 /* MainView.swift */; };
/* End PBXBuildFile section */

/* Begin PBXFileReference section */
		A3135BC32C45699900E0D337 /* clippy.app */ = {isa = PBXFileReference; explicitFileType = wrapper.application; includeInIndex = 0; path = clippy.app; sourceTree = BUILT_PRODUCTS_DIR; };
		A3135BC62C45699900E0D337 /* clippyApp.swift */ = {isa = PBXFileReference; lastKnownFileType = sourcecode.swift; path = clippyApp.swift; sourceTree = "<group>"; };
		A3135BC82C45699900E0D337 /* ContentView.swift */ = {isa = PBXFileReference; lastKnownFileType = sourcecode.swift; path = ContentView.swift; sourceTree = "<group>"; };
		A3135BCA2C45699C00E0D337 /* Assets.xcassets */ = {isa = PBXFileReference; lastKnownFileType = folder.assetcatalog; path = Assets.xcassets; sourceTree = "<group>"; };
		A3135BCD2C45699C00E0D337 /* Preview Assets.xcassets */ = {isa = PBXFileReference; lastKnownFileType = folder.assetcatalog; path = "Preview Assets.xcassets"; sourceTree = "<group>"; };
		A3135BCF2C45699C00E0D337 /* clippy.entitlements */ = {isa = PBXFileReference; lastKnownFileType = text.plist.entitlements; path = clippy.entitlements; sourceTree = "<group>"; };
		A3135BD62C456AAB00E0D337 /* ClipboardMonitor.swift */ = {isa = PBXFileReference; lastKnownFileType = sourcecode.swift; path = ClipboardMonitor.swift; sourceTree = "<group>"; };
		A3EC1BF62C4678EB00E86BC2 /* SidebarView.swift */ = {isa = PBXFileReference; lastKnownFileType = sourcecode.swift; path = SidebarView.swift; sourceTree = "<group>"; };
		A3EC1BF92C467A9100E86BC2 /* Item.swift */ = {isa = PBXFileReference; lastKnownFileType = sourcecode.swift; path = Item.swift; sourceTree = "<group>"; };
		A3EC1BFB2C467AA600E86BC2 /* ItemGroup.swift */ = {isa = PBXFileReference; lastKnownFileType = sourcecode.swift; path = ItemGroup.swift; sourceTree = "<group>"; };
		A3EC1BFD2C467DC000E86BC2 /* ItemSections.swift */ = {isa = PBXFileReference; lastKnownFileType = sourcecode.swift; path = ItemSections.swift; sourceTree = "<group>"; };
		A3EC1BFF2C46812D00E86BC2 /* MainView.swift */ = {isa = PBXFileReference; lastKnownFileType = sourcecode.swift; path = MainView.swift; sourceTree = "<group>"; };
/* End PBXFileReference section */

/* Begin PBXFrameworksBuildPhase section */
		A3135BC02C45699900E0D337 /* Frameworks */ = {
			isa = PBXFrameworksBuildPhase;
			buildActionMask = 2147483647;
			files = (
			);
			runOnlyForDeploymentPostprocessing = 0;
		};
/* End PBXFrameworksBuildPhase section */

/* Begin PBXGroup section */
		A3135BBA2C45699900E0D337 = {
			isa = PBXGroup;
			children = (
				A3135BC52C45699900E0D337 /* clippy */,
				A3135BC42C45699900E0D337 /* Products */,
			);
			sourceTree = "<group>";
		};
		A3135BC42C45699900E0D337 /* Products */ = {
			isa = PBXGroup;
			children = (
				A3135BC32C45699900E0D337 /* clippy.app */,
			);
			name = Products;
			sourceTree = "<group>";
		};
		A3135BC52C45699900E0D337 /* clippy */ = {
			isa = PBXGroup;
			children = (
				A3135BC62C45699900E0D337 /* clippyApp.swift */,
				A3135BD62C456AAB00E0D337 /* ClipboardMonitor.swift */,
				A3EC1BF82C467A3300E86BC2 /* Model */,
				A3135BC82C45699900E0D337 /* ContentView.swift */,
				A3EC1BFF2C46812D00E86BC2 /* MainView.swift */,
				A3EC1BF62C4678EB00E86BC2 /* SidebarView.swift */,
				A3135BCA2C45699C00E0D337 /* Assets.xcassets */,
				A3135BCF2C45699C00E0D337 /* clippy.entitlements */,
				A3135BCC2C45699C00E0D337 /* Preview Content */,
			);
			path = clippy;
			sourceTree = "<group>";
		};
		A3135BCC2C45699C00E0D337 /* Preview Content */ = {
			isa = PBXGroup;
			children = (
				A3135BCD2C45699C00E0D337 /* Preview Assets.xcassets */,
			);
			path = "Preview Content";
			sourceTree = "<group>";
		};
		A3EC1BF82C467A3300E86BC2 /* Model */ = {
			isa = PBXGroup;
			children = (
				A3EC1BF92C467A9100E86BC2 /* Item.swift */,
				A3EC1BFB2C467AA600E86BC2 /* ItemGroup.swift */,
				A3EC1BFD2C467DC000E86BC2 /* ItemSections.swift */,
			);
			path = Model;
			sourceTree = "<group>";
		};
/* End PBXGroup section */

/* Begin PBXNativeTarget section */
		A3135BC22C45699900E0D337 /* clippy */ = {
			isa = PBXNativeTarget;
			buildConfigurationList = A3135BD22C45699C00E0D337 /* Build configuration list for PBXNativeTarget "clippy" */;
			buildPhases = (
				A3135BBF2C45699900E0D337 /* Sources */,
				A3135BC02C45699900E0D337 /* Frameworks */,
				A3135BC12C45699900E0D337 /* Resources */,
			);
			buildRules = (
			);
			dependencies = (
			);
			name = clippy;
			productName = clippy;
			productReference = A3135BC32C45699900E0D337 /* clippy.app */;
			productType = "com.apple.product-type.application";
		};
/* End PBXNativeTarget section */

/* Begin PBXProject section */
		A3135BBB2C45699900E0D337 /* Project object */ = {
			isa = PBXProject;
			attributes = {
				BuildIndependentTargetsInParallel = 1;
				LastSwiftUpdateCheck = 1520;
				LastUpgradeCheck = 1520;
				TargetAttributes = {
					A3135BC22C45699900E0D337 = {
						CreatedOnToolsVersion = 15.2;
					};
				};
			};
			buildConfigurationList = A3135BBE2C45699900E0D337 /* Build configuration list for PBXProject "clippy" */;
			compatibilityVersion = "Xcode 14.0";
			developmentRegion = en;
			hasScannedForEncodings = 0;
			knownRegions = (
				en,
				Base,
			);
			mainGroup = A3135BBA2C45699900E0D337;
			productRefGroup = A3135BC42C45699900E0D337 /* Products */;
			projectDirPath = "";
			projectRoot = "";
			targets = (
				A3135BC22C45699900E0D337 /* clippy */,
			);
		};
/* End PBXProject section */

/* Begin PBXResourcesBuildPhase section */
		A3135BC12C45699900E0D337 /* Resources */ = {
			isa = PBXResourcesBuildPhase;
			buildActionMask = 2147483647;
			files = (
				A3135BCE2C45699C00E0D337 /* Preview Assets.xcassets in Resources */,
				A3135BCB2C45699C00E0D337 /* Assets.xcassets in Resources */,
			);
			runOnlyForDeploymentPostprocessing = 0;
		};
/* End PBXResourcesBuildPhase section */

/* Begin PBXSourcesBuildPhase section */
		A3135BBF2C45699900E0D337 /* Sources */ = {
			isa = PBXSourcesBuildPhase;
			buildActionMask = 2147483647;
			files = (
				A3EC1BFA2C467A9100E86BC2 /* Item.swift in Sources */,
				A3EC1C002C46812D00E86BC2 /* MainView.swift in Sources */,
				A3135BC92C45699900E0D337 /* ContentView.swift in Sources */,
				A3EC1BFC2C467AA600E86BC2 /* ItemGroup.swift in Sources */,
				A3EC1BF72C4678EB00E86BC2 /* SidebarView.swift in Sources */,
				A3EC1BFE2C467DC000E86BC2 /* ItemSections.swift in Sources */,
				A3135BC72C45699900E0D337 /* clippyApp.swift in Sources */,
				A3135BD72C456AAB00E0D337 /* ClipboardMonitor.swift in Sources */,
			);
			runOnlyForDeploymentPostprocessing = 0;
		};
/* End PBXSourcesBuildPhase section */

/* Begin XCBuildConfiguration section */
		A3135BD02C45699C00E0D337 /* Debug */ = {
			isa = XCBuildConfiguration;
			buildSettings = {
				ALWAYS_SEARCH_USER_PATHS = NO;
				ASSETCATALOG_COMPILER_GENERATE_SWIFT_ASSET_SYMBOL_EXTENSIONS = YES;
				CLANG_ANALYZER_NONNULL = YES;
				CLANG_ANALYZER_NUMBER_OBJECT_CONVERSION = YES_AGGRESSIVE;
				CLANG_CXX_LANGUAGE_STANDARD = "gnu++20";
				CLANG_ENABLE_MODULES = YES;
				CLANG_ENABLE_OBJC_ARC = YES;
				CLANG_ENABLE_OBJC_WEAK = YES;
				CLANG_WARN_BLOCK_CAPTURE_AUTORELEASING = YES;
				CLANG_WARN_BOOL_CONVERSION = YES;
				CLANG_WARN_COMMA = YES;
				CLANG_WARN_CONSTANT_CONVERSION = YES;
				CLANG_WARN_DEPRECATED_OBJC_IMPLEMENTATIONS = YES;
				CLANG_WARN_DIRECT_OBJC_ISA_USAGE = YES_ERROR;
				CLANG_WARN_DOCUMENTATION_COMMENTS = YES;
				CLANG_WARN_EMPTY_BODY = YES;
				CLANG_WARN_ENUM_CONVERSION = YES;
				CLANG_WARN_INFINITE_RECURSION = YES;
				CLANG_WARN_INT_CONVERSION = YES;
				CLANG_WARN_NON_LITERAL_NULL_CONVERSION = YES;
				CLANG_WARN_OBJC_IMPLICIT_RETAIN_SELF = YES;
				CLANG_WARN_OBJC_LITERAL_CONVERSION = YES;
				CLANG_WARN_OBJC_ROOT_CLASS = YES_ERROR;
				CLANG_WARN_QUOTED_INCLUDE_IN_FRAMEWORK_HEADER = YES;
				CLANG_WARN_RANGE_LOOP_ANALYSIS = YES;
				CLANG_WARN_STRICT_PROTOTYPES = YES;
				CLANG_WARN_SUSPICIOUS_MOVE = YES;
				CLANG_WARN_UNGUARDED_AVAILABILITY = YES_AGGRESSIVE;
				CLANG_WARN_UNREACHABLE_CODE = YES;
				CLANG_WARN__DUPLICATE_METHOD_MATCH = YES;
				COPY_PHASE_STRIP = NO;
				DEBUG_INFORMATION_FORMAT = dwarf;
				ENABLE_STRICT_OBJC_MSGSEND = YES;
				ENABLE_TESTABILITY = YES;
				ENABLE_USER_SCRIPT_SANDBOXING = YES;
				GCC_C_LANGUAGE_STANDARD = gnu17;
				GCC_DYNAMIC_NO_PIC = NO;
				GCC_NO_COMMON_BLOCKS = YES;
				GCC_OPTIMIZATION_LEVEL = 0;
				GCC_PREPROCESSOR_DEFINITIONS = (
					"DEBUG=1",
					"$(inherited)",
				);
				GCC_WARN_64_TO_32_BIT_CONVERSION = YES;
				GCC_WARN_ABOUT_RETURN_TYPE = YES_ERROR;
				GCC_WARN_UNDECLARED_SELECTOR = YES;
				GCC_WARN_UNINITIALIZED_AUTOS = YES_AGGRESSIVE;
				GCC_WARN_UNUSED_FUNCTION = YES;
				GCC_WARN_UNUSED_VARIABLE = YES;
				LOCALIZATION_PREFERS_STRING_CATALOGS = YES;
				MACOSX_DEPLOYMENT_TARGET = 14.2;
				MTL_ENABLE_DEBUG_INFO = INCLUDE_SOURCE;
				MTL_FAST_MATH = YES;
				ONLY_ACTIVE_ARCH = YES;
				SDKROOT = macosx;
				SWIFT_ACTIVE_COMPILATION_CONDITIONS = "DEBUG $(inherited)";
				SWIFT_OPTIMIZATION_LEVEL = "-Onone";
			};
			name = Debug;
		};
		A3135BD12C45699C00E0D337 /* Release */ = {
			isa = XCBuildConfiguration;
			buildSettings = {
				ALWAYS_SEARCH_USER_PATHS = NO;
				ASSETCATALOG_COMPILER_GENERATE_SWIFT_ASSET_SYMBOL_EXTENSIONS = YES;
				CLANG_ANALYZER_NONNULL = YES;
				CLANG_ANALYZER_NUMBER_OBJECT_CONVERSION = YES_AGGRESSIVE;
				CLANG_CXX_LANGUAGE_STANDARD = "gnu++20";
				CLANG_ENABLE_MODULES = YES;
				CLANG_ENABLE_OBJC_ARC = YES;
				CLANG_ENABLE_OBJC_WEAK = YES;
				CLANG_WARN_BLOCK_CAPTURE_AUTORELEASING = YES;
				CLANG_WARN_BOOL_CONVERSION = YES;
				CLANG_WARN_COMMA = YES;
				CLANG_WARN_CONSTANT_CONVERSION = YES;
				CLANG_WARN_DEPRECATED_OBJC_IMPLEMENTATIONS = YES;
				CLANG_WARN_DIRECT_OBJC_ISA_USAGE = YES_ERROR;
				CLANG_WARN_DOCUMENTATION_COMMENTS = YES;
				CLANG_WARN_EMPTY_BODY = YES;
				CLANG_WARN_ENUM_CONVERSION = YES;
				CLANG_WARN_INFINITE_RECURSION = YES;
				CLANG_WARN_INT_CONVERSION = YES;
				CLANG_WARN_NON_LITERAL_NULL_CONVERSION = YES;
				CLANG_WARN_OBJC_IMPLICIT_RETAIN_SELF = YES;
				CLANG_WARN_OBJC_LITERAL_CONVERSION = YES;
				CLANG_WARN_OBJC_ROOT_CLASS = YES_ERROR;
				CLANG_WARN_QUOTED_INCLUDE_IN_FRAMEWORK_HEADER = YES;
				CLANG_WARN_RANGE_LOOP_ANALYSIS = YES;
				CLANG_WARN_STRICT_PROTOTYPES = YES;
				CLANG_WARN_SUSPICIOUS_MOVE = YES;
				CLANG_WARN_UNGUARDED_AVAILABILITY = YES_AGGRESSIVE;
				CLANG_WARN_UNREACHABLE_CODE = YES;
				CLANG_WARN__DUPLICATE_METHOD_MATCH = YES;
				COPY_PHASE_STRIP = NO;
				DEBUG_INFORMATION_FORMAT = "dwarf-with-dsym";
				ENABLE_NS_ASSERTIONS = NO;
				ENABLE_STRICT_OBJC_MSGSEND = YES;
				ENABLE_USER_SCRIPT_SANDBOXING = YES;
				GCC_C_LANGUAGE_STANDARD = gnu17;
				GCC_NO_COMMON_BLOCKS = YES;
				GCC_WARN_64_TO_32_BIT_CONVERSION = YES;
				GCC_WARN_ABOUT_RETURN_TYPE = YES_ERROR;
				GCC_WARN_UNDECLARED_SELECTOR = YES;
				GCC_WARN_UNINITIALIZED_AUTOS = YES_AGGRESSIVE;
				GCC_WARN_UNUSED_FUNCTION = YES;
				GCC_WARN_UNUSED_VARIABLE = YES;
				LOCALIZATION_PREFERS_STRING_CATALOGS = YES;
				MACOSX_DEPLOYMENT_TARGET = 14.2;
				MTL_ENABLE_DEBUG_INFO = NO;
				MTL_FAST_MATH = YES;
				SDKROOT = macosx;
				SWIFT_COMPILATION_MODE = wholemodule;
			};
			name = Release;
		};
		A3135BD32C45699C00E0D337 /* Debug */ = {
			isa = XCBuildConfiguration;
			buildSettings = {
				ASSETCATALOG_COMPILER_APPICON_NAME = AppIcon;
				ASSETCATALOG_COMPILER_GLOBAL_ACCENT_COLOR_NAME = AccentColor;
				CODE_SIGN_ENTITLEMENTS = clippy/clippy.entitlements;
				CODE_SIGN_STYLE = Automatic;
				COMBINE_HIDPI_IMAGES = YES;
				CURRENT_PROJECT_VERSION = 1;
				DEVELOPMENT_ASSET_PATHS = "\"clippy/Preview Content\"";
				DEVELOPMENT_TEAM = 38QXSRV6AP;
				ENABLE_HARDENED_RUNTIME = YES;
				ENABLE_PREVIEWS = YES;
				GENERATE_INFOPLIST_FILE = YES;
				INFOPLIST_KEY_NSHumanReadableCopyright = "";
				LD_RUNPATH_SEARCH_PATHS = (
					"$(inherited)",
					"@executable_path/../Frameworks",
				);
				MARKETING_VERSION = 1.0;
				PRODUCT_BUNDLE_IDENTIFIER = com.himanshu.clippy;
				PRODUCT_NAME = "$(TARGET_NAME)";
				SWIFT_EMIT_LOC_STRINGS = YES;
				SWIFT_VERSION = 5.0;
			};
			name = Debug;
		};
		A3135BD42C45699C00E0D337 /* Release */ = {
			isa = XCBuildConfiguration;
			buildSettings = {
				ASSETCATALOG_COMPILER_APPICON_NAME = AppIcon;
				ASSETCATALOG_COMPILER_GLOBAL_ACCENT_COLOR_NAME = AccentColor;
				CODE_SIGN_ENTITLEMENTS = clippy/clippy.entitlements;
				CODE_SIGN_STYLE = Automatic;
				COMBINE_HIDPI_IMAGES = YES;
				CURRENT_PROJECT_VERSION = 1;
				DEVELOPMENT_ASSET_PATHS = "\"clippy/Preview Content\"";
				DEVELOPMENT_TEAM = 38QXSRV6AP;
				ENABLE_HARDENED_RUNTIME = YES;
				ENABLE_PREVIEWS = YES;
				GENERATE_INFOPLIST_FILE = YES;
				INFOPLIST_KEY_NSHumanReadableCopyright = "";
				LD_RUNPATH_SEARCH_PATHS = (
					"$(inherited)",
					"@executable_path/../Frameworks",
				);
				MARKETING_VERSION = 1.0;
				PRODUCT_BUNDLE_IDENTIFIER = com.himanshu.clippy;
				PRODUCT_NAME = "$(TARGET_NAME)";
				SWIFT_EMIT_LOC_STRINGS = YES;
				SWIFT_VERSION = 5.0;
			};
			name = Release;
		};
/* End XCBuildConfiguration section */

/* Begin XCConfigurationList section */
		A3135BBE2C45699900E0D337 /* Build configuration list for PBXProject "clippy" */ = {
			isa = XCConfigurationList;
			buildConfigurations = (
				A3135BD02C45699C00E0D337 /* Debug */,
				A3135BD12C45699C00E0D337 /* Release */,
			);
			defaultConfigurationIsVisible = 0;
			defaultConfigurationName = Release;
		};
		A3135BD22C45699C00E0D337 /* Build configuration list for PBXNativeTarget "clippy" */ = {
			isa = XCConfigurationList;
			buildConfigurations = (
				A3135BD32C45699C00E0D337 /* Debug */,
				A3135BD42C45699C00E0D337 /* Release */,
			);
			defaultConfigurationIsVisible = 0;
			defaultConfigurationName = Release;
		};
/* End XCConfigurationList section */
	};
	rootObject = A3135BBB2C45699900E0D337 /* Project object */;
}
